{
  "name": "dalkak-heroku",
  "version": "0.1.0",
  "lockfileVersion": 1,
  "requires": true,
  "dependencies": {
    "@dalkak/basic": {
      "version": "0.1.0",
      "resolved": "https://registry.npmjs.org/@dalkak/basic/-/basic-0.1.0.tgz",
      "integrity": "sha512-mnvTJfyVtqVD88thY7n3LpZpjcgtD2Z6TJExXjRYVLNUUkgHq+2UsZ7GO9ihHP38/eiT7Vy2U+EevZao5fovvw==",
      "requires": {
        "dalkak": "^0.8.3"
      }
    },
    "@dalkak/entry": {
      "version": "0.1.8",
      "resolved": "https://registry.npmjs.org/@dalkak/entry/-/entry-0.1.8.tgz",
      "integrity": "sha512-a9BZakRXak9kAaFkoQDtbSQnZbBdeDS1xHHizE4VS9bsCq5DTHpIlFAVqeq0yf2/9TCBlLo4NEN03ClhTzxlpA==",
      "requires": {
        "@dalkak/basic": "^0.1.0",
        "dalkak": "^0.8.4"
      }
    },
    "@dalkak/hash": {
      "version": "0.1.1",
      "resolved": "https://registry.npmjs.org/@dalkak/hash/-/hash-0.1.1.tgz",
      "integrity": "sha512-+MOzut9WBWOghrbYJ59/xmF3GmLfvdDMEmN97A8cLHceI/UNtPzMqZjIlxqyAe8guyajfDznnMaXsy7LpwkE3g==",
      "requires": {
        "@types/node": "^13.9.0",
        "dalkak": "^0.8.9"
      }
    },
    "@dalkak/json": {
      "version": "0.3.2",
      "resolved": "https://registry.npmjs.org/@dalkak/json/-/json-0.3.2.tgz",
      "integrity": "sha512-ujNAyZyRbFE/urdSDEIydgWvyI83f2DLLklYgxeeMYC7OZ2EJ8tiW1U4TJW8oky6xP58Cs5H5ANtv2BMHxN+bg==",
      "requires": {
        "@types/node": "^13.1.8",
        "dalkak": "^0.8.9"
      }
    },
    "@dalkak/kachi": {
      "version": "0.1.5",
      "resolved": "https://registry.npmjs.org/@dalkak/kachi/-/kachi-0.1.5.tgz",
      "integrity": "sha512-J1yopRf0QCSf85XJzrcdn5f90qYvuuYcQqQZznwdcDOCboQALs/25BqT+uyiDI/V053xWp1vAfmC3U62HBzlBg==",
      "requires": {
        "dalkak": "^0.8.9"
      }
    },
    "@types/node": {
      "version": "13.9.1",
      "resolved": "https://registry.npmjs.org/@types/node/-/node-13.9.1.tgz",
      "integrity": "sha512-E6M6N0blf/jiZx8Q3nb0vNaswQeEyn0XlupO+xN6DtJ6r6IT4nXrTry7zhIfYvFCl3/8Cu6WIysmUBKiqV0bqQ=="
    },
    "dalkak": {
      "version": "0.8.9",
      "resolved": "https://registry.npmjs.org/dalkak/-/dalkak-0.8.9.tgz",
      "integrity": "sha512-olIxMOIy0nP5pYGgHN5szszp7JO2eTYlszo0tL+B7c2UVLUtNJ6AD0DADfEmB54S54XXhKEHipVJaHN/o57bjg=="
    },
    "ent2dalk": {
      "version": "0.1.9",
      "resolved": "https://registry.npmjs.org/ent2dalk/-/ent2dalk-0.1.9.tgz",
      "integrity": "sha512-F3ECx/p0v2VYkx+XYDUj0DGMBdaYP9e9wvJOuW3dUA1kguz7lpJaYcFnmgE5DdSHml4JCiPxJWbikH+4/5CrLw==",
      "requires": {
        "@dalkak/entry": "^0.1.8",
        "@dalkak/hash": "^0.1.1",
        "@dalkak/json": "^0.3.2",
        "@dalkak/kachi": "^0.1.5",
        "dalkak": "^0.8.9"
      }
    }
  }
}
